{
  "nodes": {
    "flake-schemas": {
      "locked": {
        "lastModified": 1721999734,
        "narHash": "sha256-G5CxYeJVm4lcEtaO87LKzOsVnWeTcHGKbKxNamNWgOw=",
        "rev": "0a5c42297d870156d9c57d8f99e476b738dcd982",
        "revCount": 75,
        "type": "tarball",
        "url": "https://api.flakehub.com/f/pinned/DeterminateSystems/flake-schemas/0.1.5/0190ef2f-61e0-794b-ba14-e82f225e55e6/source.tar.gz"
      },
      "original": {
        "type": "tarball",
        "url": "https://flakehub.com/f/DeterminateSystems/flake-schemas/%2A"
      }
    },
    "nixpkgs": {
      "locked": {
        "lastModified": 1746055187,
        "narHash": "sha256-3dqArYSMP9hM7Qpy5YWhnSjiqniSaT2uc5h2Po7tmg0=",
        "rev": "3e362ce63e16b9572d8c2297c04f7c19ab6725a5",
        "revCount": 717586,
        "type": "tarball",
        "url": "https://api.flakehub.com/f/pinned/NixOS/nixpkgs/0.2411.717586%2Brev-3e362ce63e16b9572d8c2297c04f7c19ab6725a5/01968b5c-7c2a-71b3-8433-4077aa48bad9/source.tar.gz"
      },
      "original": {
        "type": "tarball",
        "url": "https://flakehub.com/f/NixOS/nixpkgs/%2A"
      }
    },
    "root": {
      "inputs": {
        "flake-schemas": "flake-schemas",
        "nixpkgs": "nixpkgs",
        "rust-overlay": "rust-overlay"
      }
    },
    "rust-overlay": {
      "inputs": {
        "nixpkgs": [
          "nixpkgs"
        ]
      },
      "locked": {
        "lastModified": 1746067100,
        "narHash": "sha256-6JeEbboDvRjLwB9kzCnmWj+f+ZnMtKOe5c2F1VBpaTs=",
        "rev": "026e8fedefd6b167d92ed04b195c658d95ffc7a5",
        "revCount": 1771,
        "type": "tarball",
        "url": "https://api.flakehub.com/f/pinned/oxalica/rust-overlay/0.1.1771%2Brev-026e8fedefd6b167d92ed04b195c658d95ffc7a5/019689b7-5376-7668-926c-14593839363d/source.tar.gz"
      },
      "original": {
        "type": "tarball",
        "url": "https://flakehub.com/f/oxalica/rust-overlay/0.1.%2A"
      }
    }
  },
  "root": "root",
  "version": 7
}
